
Microsoft Visual Studio Solution File, Format Version 12.00
# Visual Studio Version 16
VisualStudioVersion = 16.0.31313.79
MinimumVisualStudioVersion = 10.0.40219.1
Project("{FAE04EC0-301F-11D3-BF4B-00C04F79EFBC}") = "Cyotek.AzureContainerEcho.Client", "Cyotek.AzureContainerEcho.Client\Cyotek.AzureContainerEcho.Client.csproj", "{191C65AC-3268-42C6-B687-9F0A764FFEF5}"
EndProject
Project("{FAE04EC0-301F-11D3-BF4B-00C04F79EFBC}") = "Cyotek.AzureContainerEcho", "Cyotek.AzureContainerEcho\Cyotek.AzureContainerEcho.csproj", "{4241C857-21DE-4CE4-A527-2898CC448866}"
EndProject
Global
	GlobalSection(SolutionConfigurationPlatforms) = preSolution
		Debug|Any CPU = Debug|Any CPU
		Release|Any CPU = Release|Any CPU
	EndGlobalSection
	GlobalSection(ProjectConfigurationPlatforms) = postSolution
		{191C65AC-3268-42C6-B687-9F0A764FFEF5}.Debug|Any CPU.ActiveCfg = Debug|Any CPU
		{191C65AC-3268-42C6-B687-9F0A764FFEF5}.Debug|Any CPU.Build.0 = Debug|Any CPU
		{191C65AC-3268-42C6-B687-9F0A764FFEF5}.Release|Any CPU.ActiveCfg = Release|Any CPU
		{191C65AC-3268-42C6-B687-9F0A764FFEF5}.Release|Any CPU.Build.0 = Release|Any CPU
		{4241C857-21DE-4CE4-A527-2898CC448866}.Debug|Any CPU.ActiveCfg = Debug|Any CPU
		{4241C857-21DE-4CE4-A527-2898CC448866}.Debug|Any CPU.Build.0 = Debug|Any CPU
		{4241C857-21DE-4CE4-A527-2898CC448866}.Release|Any CPU.ActiveCfg = Release|Any CPU
		{4241C857-21DE-4CE4-A527-2898CC448866}.Release|Any CPU.Build.0 = Release|Any CPU
	EndGlobalSection
	GlobalSection(SolutionProperties) = preSolution
		HideSolutionNode = FALSE
	EndGlobalSection
	GlobalSection(ExtensibilityGlobals) = postSolution
		SolutionGuid = {AF15CD08-7AC9-45A2-9543-D0E97C720F6D}
	EndGlobalSection
EndGlobal
